// !$*UTF8*$!
{
	archiveVersion = 1;
	classes = {
	};
	objectVersion = 48;
	objects = {

/* Begin PBXBuildFile section */
		045230D41FCEDF430012299E /* AppDelegate.swift in Sources */ = {isa = PBXBuildFile; fileRef = 045230D31FCEDF430012299E /* AppDelegate.swift */; };
		045230D61FCEDF430012299E /* FirstViewController.swift in Sources */ = {isa = PBXBuildFile; fileRef = 045230D51FCEDF430012299E /* FirstViewController.swift */; };
		045230D81FCEDF430012299E /* SecondViewController.swift in Sources */ = {isa = PBXBuildFile; fileRef = 045230D71FCEDF430012299E /* SecondViewController.swift */; };
		045230DB1FCEDF430012299E /* Main.storyboard in Resources */ = {isa = PBXBuildFile; fileRef = 045230D91FCEDF430012299E /* Main.storyboard */; };
		045230DD1FCEDF430012299E /* Assets.xcassets in Resources */ = {isa = PBXBuildFile; fileRef = 045230DC1FCEDF430012299E /* Assets.xcassets */; };
		045230E01FCEDF430012299E /* LaunchScreen.storyboard in Resources */ = {isa = PBXBuildFile; fileRef = 045230DE1FCEDF430012299E /* LaunchScreen.storyboard */; };
		045230EB1FCEDF430012299E /* MyDaysTests.swift in Sources */ = {isa = PBXBuildFile; fileRef = 045230EA1FCEDF430012299E /* MyDaysTests.swift */; };
		045230F61FCEDF430012299E /* MyDaysUITests.swift in Sources */ = {isa = PBXBuildFile; fileRef = 045230F51FCEDF430012299E /* MyDaysUITests.swift */; };
		045752231FDD719B00293AF9 /* libsqlite3.tbd in Frameworks */ = {isa = PBXBuildFile; fileRef = 045752221FDD717600293AF9 /* libsqlite3.tbd */; };
		046199861FCEE5F300480DA7 /* ThirdViewController.swift in Sources */ = {isa = PBXBuildFile; fileRef = 046199851FCEE5F300480DA7 /* ThirdViewController.swift */; };
		046199881FCEF0A900480DA7 /* SettingsViewController.swift in Sources */ = {isa = PBXBuildFile; fileRef = 046199871FCEF0A900480DA7 /* SettingsViewController.swift */; };
		0461998A1FCEF91C00480DA7 /* Chinese Zodiac.swift in Sources */ = {isa = PBXBuildFile; fileRef = 046199891FCEF91C00480DA7 /* Chinese Zodiac.swift */; };
		0471DB621FD0341E00665E0D /* Constellation.swift in Sources */ = {isa = PBXBuildFile; fileRef = 0471DB611FD0341E00665E0D /* Constellation.swift */; };
		04D4B6BD1FD1755900FFE71A /* DateCal.swift in Sources */ = {isa = PBXBuildFile; fileRef = 04D4B6BC1FD1755900FFE71A /* DateCal.swift */; };
		04E355791FE148B600B3DB2B /* rect1.svg in Resources */ = {isa = PBXBuildFile; fileRef = 04E355781FE148B600B3DB2B /* rect1.svg */; };
		04F3ABE61FDD984F007208A9 /* TestViewController.swift in Sources */ = {isa = PBXBuildFile; fileRef = 04F3ABE51FDD984F007208A9 /* TestViewController.swift */; };
/* End PBXBuildFile section */

/* Begin PBXContainerItemProxy section */
		045230E71FCEDF430012299E /* PBXContainerItemProxy */ = {
			isa = PBXContainerItemProxy;
			containerPortal = 045230C81FCEDF430012299E /* Project object */;
			proxyType = 1;
			remoteGlobalIDString = 045230CF1FCEDF430012299E;
			remoteInfo = MyDays;
		};
		045230F21FCEDF430012299E /* PBXContainerItemProxy */ = {
			isa = PBXContainerItemProxy;
			containerPortal = 045230C81FCEDF430012299E /* Project object */;
			proxyType = 1;
			remoteGlobalIDString = 045230CF1FCEDF430012299E;
			remoteInfo = MyDays;
		};
/* End PBXContainerItemProxy section */

/* Begin PBXFileReference section */
		045230D01FCEDF430012299E /* MyDays.app */ = {isa = PBXFileReference; explicitFileType = wrapper.application; includeInIndex = 0; path = MyDays.app; sourceTree = BUILT_PRODUCTS_DIR; };
		045230D31FCEDF430012299E /* AppDelegate.swift */ = {isa = PBXFileReference; lastKnownFileType = sourcecode.swift; path = AppDelegate.swift; sourceTree = "<group>"; };
		045230D51FCEDF430012299E /* FirstViewController.swift */ = {isa = PBXFileReference; lastKnownFileType = sourcecode.swift; path = FirstViewController.swift; sourceTree = "<group>"; };
		045230D71FCEDF430012299E /* SecondViewController.swift */ = {isa = PBXFileReference; lastKnownFileType = sourcecode.swift; path = SecondViewController.swift; sourceTree = "<group>"; };
		045230DA1FCEDF430012299E /* Base */ = {isa = PBXFileReference; lastKnownFileType = file.storyboard; name = Base; path = Base.lproj/Main.storyboard; sourceTree = "<group>"; };
		045230DC1FCEDF430012299E /* Assets.xcassets */ = {isa = PBXFileReference; lastKnownFileType = folder.assetcatalog; path = Assets.xcassets; sourceTree = "<group>"; };
		045230DF1FCEDF430012299E /* Base */ = {isa = PBXFileReference; lastKnownFileType = file.storyboard; name = Base; path = Base.lproj/LaunchScreen.storyboard; sourceTree = "<group>"; };
		045230E11FCEDF430012299E /* Info.plist */ = {isa = PBXFileReference; lastKnownFileType = text.plist.xml; path = Info.plist; sourceTree = "<group>"; };
		045230E61FCEDF430012299E /* MyDaysTests.xctest */ = {isa = PBXFileReference; explicitFileType = wrapper.cfbundle; includeInIndex = 0; path = MyDaysTests.xctest; sourceTree = BUILT_PRODUCTS_DIR; };
		045230EA1FCEDF430012299E /* MyDaysTests.swift */ = {isa = PBXFileReference; lastKnownFileType = sourcecode.swift; path = MyDaysTests.swift; sourceTree = "<group>"; };
		045230EC1FCEDF430012299E /* Info.plist */ = {isa = PBXFileReference; lastKnownFileType = text.plist.xml; path = Info.plist; sourceTree = "<group>"; };
		045230F11FCEDF430012299E /* MyDaysUITests.xctest */ = {isa = PBXFileReference; explicitFileType = wrapper.cfbundle; includeInIndex = 0; path = MyDaysUITests.xctest; sourceTree = BUILT_PRODUCTS_DIR; };
		045230F51FCEDF430012299E /* MyDaysUITests.swift */ = {isa = PBXFileReference; lastKnownFileType = sourcecode.swift; path = MyDaysUITests.swift; sourceTree = "<group>"; };
		045230F71FCEDF430012299E /* Info.plist */ = {isa = PBXFileReference; lastKnownFileType = text.plist.xml; path = Info.plist; sourceTree = "<group>"; };
		045752221FDD717600293AF9 /* libsqlite3.tbd */ = {isa = PBXFileReference; lastKnownFileType = "sourcecode.text-based-dylib-definition"; name = libsqlite3.tbd; path = usr/lib/libsqlite3.tbd; sourceTree = SDKROOT; };
		045752241FDD724000293AF9 /* BridgeHeader.h */ = {isa = PBXFileReference; lastKnownFileType = sourcecode.c.h; path = BridgeHeader.h; sourceTree = "<group>"; };
		046199851FCEE5F300480DA7 /* ThirdViewController.swift */ = {isa = PBXFileReference; lastKnownFileType = sourcecode.swift; path = ThirdViewController.swift; sourceTree = "<group>"; };
		046199871FCEF0A900480DA7 /* SettingsViewController.swift */ = {isa = PBXFileReference; lastKnownFileType = sourcecode.swift; path = SettingsViewController.swift; sourceTree = "<group>"; };
		046199891FCEF91C00480DA7 /* Chinese Zodiac.swift */ = {isa = PBXFileReference; lastKnownFileType = sourcecode.swift; path = "Chinese Zodiac.swift"; sourceTree = "<group>"; };
		0471DB611FD0341E00665E0D /* Constellation.swift */ = {isa = PBXFileReference; lastKnownFileType = sourcecode.swift; path = Constellation.swift; sourceTree = "<group>"; };
		04D4B6BC1FD1755900FFE71A /* DateCal.swift */ = {isa = PBXFileReference; lastKnownFileType = sourcecode.swift; path = DateCal.swift; sourceTree = "<group>"; };
		04E355781FE148B600B3DB2B /* rect1.svg */ = {isa = PBXFileReference; fileEncoding = 4; lastKnownFileType = text; path = rect1.svg; sourceTree = "<group>"; };
		04F3ABE51FDD984F007208A9 /* TestViewController.swift */ = {isa = PBXFileReference; lastKnownFileType = sourcecode.swift; path = TestViewController.swift; sourceTree = "<group>"; };
/* End PBXFileReference section */

/* Begin PBXFrameworksBuildPhase section */
		045230CD1FCEDF430012299E /* Frameworks */ = {
			isa = PBXFrameworksBuildPhase;
			buildActionMask = 2147483647;
			files = (
				045752231FDD719B00293AF9 /* libsqlite3.tbd in Frameworks */,
			);
			runOnlyForDeploymentPostprocessing = 0;
		};
		045230E31FCEDF430012299E /* Frameworks */ = {
			isa = PBXFrameworksBuildPhase;
			buildActionMask = 2147483647;
			files = (
			);
			runOnlyForDeploymentPostprocessing = 0;
		};
		045230EE1FCEDF430012299E /* Frameworks */ = {
			isa = PBXFrameworksBuildPhase;
			buildActionMask = 2147483647;
			files = (
			);
			runOnlyForDeploymentPostprocessing = 0;
		};
/* End PBXFrameworksBuildPhase section */

/* Begin PBXGroup section */
		045230C71FCEDF430012299E = {
			isa = PBXGroup;
			children = (
				045230D21FCEDF430012299E /* MyDays */,
				045230E91FCEDF430012299E /* MyDaysTests */,
				045230F41FCEDF430012299E /* MyDaysUITests */,
				045230D11FCEDF430012299E /* Products */,
				045752211FDD717600293AF9 /* Frameworks */,
			);
			sourceTree = "<group>";
		};
		045230D11FCEDF430012299E /* Products */ = {
			isa = PBXGroup;
			children = (
				045230D01FCEDF430012299E /* MyDays.app */,
				045230E61FCEDF430012299E /* MyDaysTests.xctest */,
				045230F11FCEDF430012299E /* MyDaysUITests.xctest */,
			);
			name = Products;
			sourceTree = "<group>";
		};
		045230D21FCEDF430012299E /* MyDays */ = {
			isa = PBXGroup;
			children = (
				045230D31FCEDF430012299E /* AppDelegate.swift */,
				045752241FDD724000293AF9 /* BridgeHeader.h */,
				045230D51FCEDF430012299E /* FirstViewController.swift */,
				045230D71FCEDF430012299E /* SecondViewController.swift */,
				046199851FCEE5F300480DA7 /* ThirdViewController.swift */,
				045230D91FCEDF430012299E /* Main.storyboard */,
				04F3ABE51FDD984F007208A9 /* TestViewController.swift */,
				04D4B6BC1FD1755900FFE71A /* DateCal.swift */,
				0471DB611FD0341E00665E0D /* Constellation.swift */,
				046199891FCEF91C00480DA7 /* Chinese Zodiac.swift */,
				046199871FCEF0A900480DA7 /* SettingsViewController.swift */,
				045230DC1FCEDF430012299E /* Assets.xcassets */,
				04E355781FE148B600B3DB2B /* rect1.svg */,
				04E3557A1FE148C400B3DB2B /* Resources */,
				045230DE1FCEDF430012299E /* LaunchScreen.storyboard */,
				045230E11FCEDF430012299E /* Info.plist */,
			);
			path = MyDays;
			sourceTree = "<group>";
		};
		045230E91FCEDF430012299E /* MyDaysTests */ = {
			isa = PBXGroup;
			children = (
				045230EA1FCEDF430012299E /* MyDaysTests.swift */,
				045230EC1FCEDF430012299E /* Info.plist */,
			);
			path = MyDaysTests;
			sourceTree = "<group>";
		};
		045230F41FCEDF430012299E /* MyDaysUITests */ = {
			isa = PBXGroup;
			children = (
				045230F51FCEDF430012299E /* MyDaysUITests.swift */,
				045230F71FCEDF430012299E /* Info.plist */,
			);
			path = MyDaysUITests;
			sourceTree = "<group>";
		};
		045752211FDD717600293AF9 /* Frameworks */ = {
			isa = PBXGroup;
			children = (
				045752221FDD717600293AF9 /* libsqlite3.tbd */,
			);
			name = Frameworks;
			sourceTree = "<group>";
		};
		04E3557A1FE148C400B3DB2B /* Resources */ = {
			isa = PBXGroup;
			children = (
			);
			path = Resources;
			sourceTree = "<group>";
		};
/* End PBXGroup section */

/* Begin PBXNativeTarget section */
		045230CF1FCEDF430012299E /* MyDays */ = {
			isa = PBXNativeTarget;
			buildConfigurationList = 045230FA1FCEDF430012299E /* Build configuration list for PBXNativeTarget "MyDays" */;
			buildPhases = (
				045230CC1FCEDF430012299E /* Sources */,
				045230CD1FCEDF430012299E /* Frameworks */,
				045230CE1FCEDF430012299E /* Resources */,
			);
			buildRules = (
			);
			dependencies = (
			);
			name = MyDays;
			productName = MyDays;
			productReference = 045230D01FCEDF430012299E /* MyDays.app */;
			productType = "com.apple.product-type.application";
		};
		045230E51FCEDF430012299E /* MyDaysTests */ = {
			isa = PBXNativeTarget;
			buildConfigurationList = 045230FD1FCEDF430012299E /* Build configuration list for PBXNativeTarget "MyDaysTests" */;
			buildPhases = (
				045230E21FCEDF430012299E /* Sources */,
				045230E31FCEDF430012299E /* Frameworks */,
				045230E41FCEDF430012299E /* Resources */,
			);
			buildRules = (
			);
			dependencies = (
				045230E81FCEDF430012299E /* PBXTargetDependency */,
			);
			name = MyDaysTests;
			productName = MyDaysTests;
			productReference = 045230E61FCEDF430012299E /* MyDaysTests.xctest */;
			productType = "com.apple.product-type.bundle.unit-test";
		};
		045230F01FCEDF430012299E /* MyDaysUITests */ = {
			isa = PBXNativeTarget;
			buildConfigurationList = 045231001FCEDF430012299E /* Build configuration list for PBXNativeTarget "MyDaysUITests" */;
			buildPhases = (
				045230ED1FCEDF430012299E /* Sources */,
				045230EE1FCEDF430012299E /* Frameworks */,
				045230EF1FCEDF430012299E /* Resources */,
			);
			buildRules = (
			);
			dependencies = (
				045230F31FCEDF430012299E /* PBXTargetDependency */,
			);
			name = MyDaysUITests;
			productName = MyDaysUITests;
			productReference = 045230F11FCEDF430012299E /* MyDaysUITests.xctest */;
			productType = "com.apple.product-type.bundle.ui-testing";
		};
/* End PBXNativeTarget section */

/* Begin PBXProject section */
		045230C81FCEDF430012299E /* Project object */ = {
			isa = PBXProject;
			attributes = {
				LastSwiftUpdateCheck = 0900;
				LastUpgradeCheck = 0900;
				ORGANIZATIONNAME = "Jack Zhang";
				TargetAttributes = {
					045230CF1FCEDF430012299E = {
						CreatedOnToolsVersion = 9.0.1;
						ProvisioningStyle = Automatic;
					};
					045230E51FCEDF430012299E = {
						CreatedOnToolsVersion = 9.0.1;
						ProvisioningStyle = Automatic;
						TestTargetID = 045230CF1FCEDF430012299E;
					};
					045230F01FCEDF430012299E = {
						CreatedOnToolsVersion = 9.0.1;
						ProvisioningStyle = Automatic;
						TestTargetID = 045230CF1FCEDF430012299E;
					};
				};
			};
			buildConfigurationList = 045230CB1FCEDF430012299E /* Build configuration list for PBXProject "MyDays" */;
			compatibilityVersion = "Xcode 8.0";
			developmentRegion = en;
			hasScannedForEncodings = 0;
			knownRegions = (
				en,
				Base,
			);
			mainGroup = 045230C71FCEDF430012299E;
			productRefGroup = 045230D11FCEDF430012299E /* Products */;
			projectDirPath = "";
			projectRoot = "";
			targets = (
				045230CF1FCEDF430012299E /* MyDays */,
				045230E51FCEDF430012299E /* MyDaysTests */,
				045230F01FCEDF430012299E /* MyDaysUITests */,
			);
		};
/* End PBXProject section */

/* Begin PBXResourcesBuildPhase section */
		045230CE1FCEDF430012299E /* Resources */ = {
			isa = PBXResourcesBuildPhase;
			buildActionMask = 2147483647;
			files = (
				045230E01FCEDF430012299E /* LaunchScreen.storyboard in Resources */,
				045230DD1FCEDF430012299E /* Assets.xcassets in Resources */,
				04E355791FE148B600B3DB2B /* rect1.svg in Resources */,
				045230DB1FCEDF430012299E /* Main.storyboard in Resources */,
			);
			runOnlyForDeploymentPostprocessing = 0;
		};
		045230E41FCEDF430012299E /* Resources */ = {
			isa = PBXResourcesBuildPhase;
			buildActionMask = 2147483647;
			files = (
			);
			runOnlyForDeploymentPostprocessing = 0;
		};
		045230EF1FCEDF430012299E /* Resources */ = {
			isa = PBXResourcesBuildPhase;
			buildActionMask = 2147483647;
			files = (
			);
			runOnlyForDeploymentPostprocessing = 0;
		};
/* End PBXResourcesBuildPhase section */

/* Begin PBXSourcesBuildPhase section */
		045230CC1FCEDF430012299E /* Sources */ = {
			isa = PBXSourcesBuildPhase;
			buildActionMask = 2147483647;
			files = (
				0461998A1FCEF91C00480DA7 /* Chinese Zodiac.swift in Sources */,
				045230D81FCEDF430012299E /* SecondViewController.swift in Sources */,
				045230D41FCEDF430012299E /* AppDelegate.swift in Sources */,
				0471DB621FD0341E00665E0D /* Constellation.swift in Sources */,
				046199861FCEE5F300480DA7 /* ThirdViewController.swift in Sources */,
				046199881FCEF0A900480DA7 /* SettingsViewController.swift in Sources */,
				04D4B6BD1FD1755900FFE71A /* DateCal.swift in Sources */,
				04F3ABE61FDD984F007208A9 /* TestViewController.swift in Sources */,
				045230D61FCEDF430012299E /* FirstViewController.swift in Sources */,
			);
			runOnlyForDeploymentPostprocessing = 0;
		};
		045230E21FCEDF430012299E /* Sources */ = {
			isa = PBXSourcesBuildPhase;
			buildActionMask = 2147483647;
			files = (
				045230EB1FCEDF430012299E /* MyDaysTests.swift in Sources */,
			);
			runOnlyForDeploymentPostprocessing = 0;
		};
		045230ED1FCEDF430012299E /* Sources */ = {
			isa = PBXSourcesBuildPhase;
			buildActionMask = 2147483647;
			files = (
				045230F61FCEDF430012299E /* MyDaysUITests.swift in Sources */,
			);
			runOnlyForDeploymentPostprocessing = 0;
		};
/* End PBXSourcesBuildPhase section */

/* Begin PBXTargetDependency section */
		045230E81FCEDF430012299E /* PBXTargetDependency */ = {
			isa = PBXTargetDependency;
			target = 045230CF1FCEDF430012299E /* MyDays */;
			targetProxy = 045230E71FCEDF430012299E /* PBXContainerItemProxy */;
		};
		045230F31FCEDF430012299E /* PBXTargetDependency */ = {
			isa = PBXTargetDependency;
			target = 045230CF1FCEDF430012299E /* MyDays */;
			targetProxy = 045230F21FCEDF430012299E /* PBXContainerItemProxy */;
		};
/* End PBXTargetDependency section */

/* Begin PBXVariantGroup section */
		045230D91FCEDF430012299E /* Main.storyboard */ = {
			isa = PBXVariantGroup;
			children = (
				045230DA1FCEDF430012299E /* Base */,
			);
			name = Main.storyboard;
			sourceTree = "<group>";
		};
		045230DE1FCEDF430012299E /* LaunchScreen.storyboard */ = {
			isa = PBXVariantGroup;
			children = (
				045230DF1FCEDF430012299E /* Base */,
			);
			name = LaunchScreen.storyboard;
			sourceTree = "<group>";
		};
/* End PBXVariantGroup section */

/* Begin XCBuildConfiguration section */
		045230F81FCEDF430012299E /* Debug */ = {
			isa = XCBuildConfiguration;
			buildSettings = {
				ALWAYS_SEARCH_USER_PATHS = NO;
				CLANG_ANALYZER_NONNULL = YES;
				CLANG_ANALYZER_NUMBER_OBJECT_CONVERSION = YES_AGGRESSIVE;
				CLANG_CXX_LANGUAGE_STANDARD = "gnu++14";
				CLANG_CXX_LIBRARY = "libc++";
				CLANG_ENABLE_MODULES = YES;
				CLANG_ENABLE_OBJC_ARC = YES;
				CLANG_WARN_BLOCK_CAPTURE_AUTORELEASING = YES;
				CLANG_WARN_BOOL_CONVERSION = YES;
				CLANG_WARN_COMMA = YES;
				CLANG_WARN_CONSTANT_CONVERSION = YES;
				CLANG_WARN_DIRECT_OBJC_ISA_USAGE = YES_ERROR;
				CLANG_WARN_DOCUMENTATION_COMMENTS = YES;
				CLANG_WARN_EMPTY_BODY = YES;
				CLANG_WARN_ENUM_CONVERSION = YES;
				CLANG_WARN_INFINITE_RECURSION = YES;
				CLANG_WARN_INT_CONVERSION = YES;
				CLANG_WARN_NON_LITERAL_NULL_CONVERSION = YES;
				CLANG_WARN_OBJC_LITERAL_CONVERSION = YES;
				CLANG_WARN_OBJC_ROOT_CLASS = YES_ERROR;
				CLANG_WARN_RANGE_LOOP_ANALYSIS = YES;
				CLANG_WARN_STRICT_PROTOTYPES = YES;
				CLANG_WARN_SUSPICIOUS_MOVE = YES;
				CLANG_WARN_UNGUARDED_AVAILABILITY = YES_AGGRESSIVE;
				CLANG_WARN_UNREACHABLE_CODE = YES;
				CLANG_WARN__DUPLICATE_METHOD_MATCH = YES;
				CODE_SIGN_IDENTITY = "iPhone Developer";
				COPY_PHASE_STRIP = NO;
				DEBUG_INFORMATION_FORMAT = dwarf;
				ENABLE_STRICT_OBJC_MSGSEND = YES;
				ENABLE_TESTABILITY = YES;
				GCC_C_LANGUAGE_STANDARD = gnu11;
				GCC_DYNAMIC_NO_PIC = NO;
				GCC_NO_COMMON_BLOCKS = YES;
				GCC_OPTIMIZATION_LEVEL = 0;
				GCC_PREPROCESSOR_DEFINITIONS = (
					"DEBUG=1",
					"$(inherited)",
				);
				GCC_WARN_64_TO_32_BIT_CONVERSION = YES;
				GCC_WARN_ABOUT_RETURN_TYPE = YES_ERROR;
				GCC_WARN_UNDECLARED_SELECTOR = YES;
				GCC_WARN_UNINITIALIZED_AUTOS = YES_AGGRESSIVE;
				GCC_WARN_UNUSED_FUNCTION = YES;
				GCC_WARN_UNUSED_VARIABLE = YES;
				IPHONEOS_DEPLOYMENT_TARGET = 11.0;
				MTL_ENABLE_DEBUG_INFO = YES;
				ONLY_ACTIVE_ARCH = YES;
				SDKROOT = iphoneos;
				SWIFT_ACTIVE_COMPILATION_CONDITIONS = DEBUG;
				SWIFT_OPTIMIZATION_LEVEL = "-Onone";
			};
			name = Debug;
		};
		045230F91FCEDF430012299E /* Release */ = {
			isa = XCBuildConfiguration;
			buildSettings = {
				ALWAYS_SEARCH_USER_PATHS = NO;
				CLANG_ANALYZER_NONNULL = YES;
				CLANG_ANALYZER_NUMBER_OBJECT_CONVERSION = YES_AGGRESSIVE;
				CLANG_CXX_LANGUAGE_STANDARD = "gnu++14";
				CLANG_CXX_LIBRARY = "libc++";
				CLANG_ENABLE_MODULES = YES;
				CLANG_ENABLE_OBJC_ARC = YES;
				CLANG_WARN_BLOCK_CAPTURE_AUTORELEASING = YES;
				CLANG_WARN_BOOL_CONVERSION = YES;
				CLANG_WARN_COMMA = YES;
				CLANG_WARN_CONSTANT_CONVERSION = YES;
				CLANG_WARN_DIRECT_OBJC_ISA_USAGE = YES_ERROR;
				CLANG_WARN_DOCUMENTATION_COMMENTS = YES;
				CLANG_WARN_EMPTY_BODY = YES;
				CLANG_WARN_ENUM_CONVERSION = YES;
				CLANG_WARN_INFINITE_RECURSION = YES;
				CLANG_WARN_INT_CONVERSION = YES;
				CLANG_WARN_NON_LITERAL_NULL_CONVERSION = YES;
				CLANG_WARN_OBJC_LITERAL_CONVERSION = YES;
				CLANG_WARN_OBJC_ROOT_CLASS = YES_ERROR;
				CLANG_WARN_RANGE_LOOP_ANALYSIS = YES;
				CLANG_WARN_STRICT_PROTOTYPES = YES;
				CLANG_WARN_SUSPICIOUS_MOVE = YES;
				CLANG_WARN_UNGUARDED_AVAILABILITY = YES_AGGRESSIVE;
				CLANG_WARN_UNREACHABLE_CODE = YES;
				CLANG_WARN__DUPLICATE_METHOD_MATCH = YES;
				CODE_SIGN_IDENTITY = "iPhone Developer";
				COPY_PHASE_STRIP = NO;
				DEBUG_INFORMATION_FORMAT = "dwarf-with-dsym";
				ENABLE_NS_ASSERTIONS = NO;
				ENABLE_STRICT_OBJC_MSGSEND = YES;
				GCC_C_LANGUAGE_STANDARD = gnu11;
				GCC_NO_COMMON_BLOCKS = YES;
				GCC_WARN_64_TO_32_BIT_CONVERSION = YES;
				GCC_WARN_ABOUT_RETURN_TYPE = YES_ERROR;
				GCC_WARN_UNDECLARED_SELECTOR = YES;
				GCC_WARN_UNINITIALIZED_AUTOS = YES_AGGRESSIVE;
				GCC_WARN_UNUSED_FUNCTION = YES;
				GCC_WARN_UNUSED_VARIABLE = YES;
				IPHONEOS_DEPLOYMENT_TARGET = 11.0;
				MTL_ENABLE_DEBUG_INFO = NO;
				SDKROOT = iphoneos;
				SWIFT_OPTIMIZATION_LEVEL = "-Owholemodule";
				VALIDATE_PRODUCT = YES;
			};
			name = Release;
		};
		045230FB1FCEDF430012299E /* Debug */ = {
			isa = XCBuildConfiguration;
			buildSettings = {
				ASSETCATALOG_COMPILER_APPICON_NAME = AppIcon;
				CODE_SIGN_STYLE = Automatic;
				DEVELOPMENT_TEAM = SUFWB28G37;
				INFOPLIST_FILE = MyDays/Info.plist;
				IPHONEOS_DEPLOYMENT_TARGET = 9.0;
				LD_RUNPATH_SEARCH_PATHS = "$(inherited) @executable_path/Frameworks";
				PRODUCT_BUNDLE_IDENTIFIER = com.JackTest.MyDays;
				PRODUCT_NAME = "$(TARGET_NAME)";
				SWIFT_OBJC_BRIDGING_HEADER = MyDays/BridgeHeader.h;
				SWIFT_VERSION = 4.0;
				TARGETED_DEVICE_FAMILY = "1,2";
			};
			name = Debug;
		};
		045230FC1FCEDF430012299E /* Release */ = {
			isa = XCBuildConfiguration;
			buildSettings = {
				ASSETCATALOG_COMPILER_APPICON_NAME = AppIcon;
				CODE_SIGN_STYLE = Automatic;
				DEVELOPMENT_TEAM = SUFWB28G37;
				INFOPLIST_FILE = MyDays/Info.plist;
				IPHONEOS_DEPLOYMENT_TARGET = 9.0;
				LD_RUNPATH_SEARCH_PATHS = "$(inherited) @executable_path/Frameworks";
				PRODUCT_BUNDLE_IDENTIFIER = com.JackTest.MyDays;
				PRODUCT_NAME = "$(TARGET_NAME)";
				SWIFT_OBJC_BRIDGING_HEADER = MyDays/BridgeHeader.h;
				SWIFT_VERSION = 4.0;
				TARGETED_DEVICE_FAMILY = "1,2";
			};
			name = Release;
		};
		045230FE1FCEDF430012299E /* Debug */ = {
			isa = XCBuildConfiguration;
			buildSettings = {
				ALWAYS_EMBED_SWIFT_STANDARD_LIBRARIES = YES;
				BUNDLE_LOADER = "$(TEST_HOST)";
				CODE_SIGN_STYLE = Automatic;
				INFOPLIST_FILE = MyDaysTests/Info.plist;
				LD_RUNPATH_SEARCH_PATHS = "$(inherited) @executable_path/Frameworks @loader_path/Frameworks";
				PRODUCT_BUNDLE_IDENTIFIER = com.JackTest.MyDaysTests;
				PRODUCT_NAME = "$(TARGET_NAME)";
				SWIFT_VERSION = 4.0;
				TARGETED_DEVICE_FAMILY = "1,2";
				TEST_HOST = "$(BUILT_PRODUCTS_DIR)/MyDays.app/MyDays";
			};
			name = Debug;
		};
		045230FF1FCEDF430012299E /* Release */ = {
			isa = XCBuildConfiguration;
			buildSettings = {
				ALWAYS_EMBED_SWIFT_STANDARD_LIBRARIES = YES;
				BUNDLE_LOADER = "$(TEST_HOST)";
				CODE_SIGN_STYLE = Automatic;
				INFOPLIST_FILE = MyDaysTests/Info.plist;
				LD_RUNPATH_SEARCH_PATHS = "$(inherited) @executable_path/Frameworks @loader_path/Frameworks";
				PRODUCT_BUNDLE_IDENTIFIER = com.JackTest.MyDaysTests;
				PRODUCT_NAME = "$(TARGET_NAME)";
				SWIFT_VERSION = 4.0;
				TARGETED_DEVICE_FAMILY = "1,2";
				TEST_HOST = "$(BUILT_PRODUCTS_DIR)/MyDays.app/MyDays";
			};
			name = Release;
		};
		045231011FCEDF430012299E /* Debug */ = {
			isa = XCBuildConfiguration;
			buildSettings = {
				ALWAYS_EMBED_SWIFT_STANDARD_LIBRARIES = YES;
				CODE_SIGN_STYLE = Automatic;
				INFOPLIST_FILE = MyDaysUITests/Info.plist;
				LD_RUNPATH_SEARCH_PATHS = "$(inherited) @executable_path/Frameworks @loader_path/Frameworks";
				PRODUCT_BUNDLE_IDENTIFIER = com.JackTest.MyDaysUITests;
				PRODUCT_NAME = "$(TARGET_NAME)";
				SWIFT_VERSION = 4.0;
				TARGETED_DEVICE_FAMILY = "1,2";
				TEST_TARGET_NAME = MyDays;
			};
			name = Debug;
		};
		045231021FCEDF430012299E /* Release */ = {
			isa = XCBuildConfiguration;
			buildSettings = {
				ALWAYS_EMBED_SWIFT_STANDARD_LIBRARIES = YES;
				CODE_SIGN_STYLE = Automatic;
				INFOPLIST_FILE = MyDaysUITests/Info.plist;
				LD_RUNPATH_SEARCH_PATHS = "$(inherited) @executable_path/Frameworks @loader_path/Frameworks";
				PRODUCT_BUNDLE_IDENTIFIER = com.JackTest.MyDaysUITests;
				PRODUCT_NAME = "$(TARGET_NAME)";
				SWIFT_VERSION = 4.0;
				TARGETED_DEVICE_FAMILY = "1,2";
				TEST_TARGET_NAME = MyDays;
			};
			name = Release;
		};
/* End XCBuildConfiguration section */

/* Begin XCConfigurationList section */
		045230CB1FCEDF430012299E /* Build configuration list for PBXProject "MyDays" */ = {
			isa = XCConfigurationList;
			buildConfigurations = (
				045230F81FCEDF430012299E /* Debug */,
				045230F91FCEDF430012299E /* Release */,
			);
			defaultConfigurationIsVisible = 0;
			defaultConfigurationName = Release;
		};
		045230FA1FCEDF430012299E /* Build configuration list for PBXNativeTarget "MyDays" */ = {
			isa = XCConfigurationList;
			buildConfigurations = (
				045230FB1FCEDF430012299E /* Debug */,
				045230FC1FCEDF430012299E /* Release */,
			);
			defaultConfigurationIsVisible = 0;
			defaultConfigurationName = Release;
		};
		045230FD1FCEDF430012299E /* Build configuration list for PBXNativeTarget "MyDaysTests" */ = {
			isa = XCConfigurationList;
			buildConfigurations = (
				045230FE1FCEDF430012299E /* Debug */,
				045230FF1FCEDF430012299E /* Release */,
			);
			defaultConfigurationIsVisible = 0;
			defaultConfigurationName = Release;
		};
		045231001FCEDF430012299E /* Build configuration list for PBXNativeTarget "MyDaysUITests" */ = {
			isa = XCConfigurationList;
			buildConfigurations = (
				045231011FCEDF430012299E /* Debug */,
				045231021FCEDF430012299E /* Release */,
			);
			defaultConfigurationIsVisible = 0;
			defaultConfigurationName = Release;
		};
/* End XCConfigurationList section */
	};
	rootObject = 045230C81FCEDF430012299E /* Project object */;
}
